
Microsoft Visual Studio Solution File, Format Version 12.00
# Visual Studio Version 17
VisualStudioVersion = 17.0.31903.59
MinimumVisualStudioVersion = 10.0.40219.1
Project("{2150E333-8FDC-42A3-9474-1A3956D46DE8}") = "src", "src", "{E4D9E09B-AFF5-44FC-9175-E3C8B2086DBB}"
EndProject
Project("{FAE04EC0-301F-11D3-BF4B-00C04F79EFBC}") = "CashControl.API", "src\CashControl.API\CashControl.API.csproj", "{EDA4E8CA-2050-40E0-B228-A911DB23FA94}"
EndProject
Project("{2150E333-8FDC-42A3-9474-1A3956D46DE8}") = "test", "test", "{FF62C9B8-B410-4F00-B09A-A14C720FBD80}"
EndProject
Project("{FAE04EC0-301F-11D3-BF4B-00C04F79EFBC}") = "CashControl.UnitTests", "test\CashControl.UnitTests\CashControl.UnitTests.csproj", "{9B84295B-A026-41B4-A76C-CAA8E9B4AD39}"
EndProject
Global
	GlobalSection(SolutionConfigurationPlatforms) = preSolution
		Debug|Any CPU = Debug|Any CPU
		Release|Any CPU = Release|Any CPU
	EndGlobalSection
	GlobalSection(SolutionProperties) = preSolution
		HideSolutionNode = FALSE
	EndGlobalSection
	GlobalSection(ProjectConfigurationPlatforms) = postSolution
		{EDA4E8CA-2050-40E0-B228-A911DB23FA94}.Debug|Any CPU.ActiveCfg = Debug|Any CPU
		{EDA4E8CA-2050-40E0-B228-A911DB23FA94}.Debug|Any CPU.Build.0 = Debug|Any CPU
		{EDA4E8CA-2050-40E0-B228-A911DB23FA94}.Release|Any CPU.ActiveCfg = Release|Any CPU
		{EDA4E8CA-2050-40E0-B228-A911DB23FA94}.Release|Any CPU.Build.0 = Release|Any CPU
		{9B84295B-A026-41B4-A76C-CAA8E9B4AD39}.Debug|Any CPU.ActiveCfg = Debug|Any CPU
		{9B84295B-A026-41B4-A76C-CAA8E9B4AD39}.Debug|Any CPU.Build.0 = Debug|Any CPU
		{9B84295B-A026-41B4-A76C-CAA8E9B4AD39}.Release|Any CPU.ActiveCfg = Release|Any CPU
		{9B84295B-A026-41B4-A76C-CAA8E9B4AD39}.Release|Any CPU.Build.0 = Release|Any CPU
	EndGlobalSection
	GlobalSection(NestedProjects) = preSolution
		{EDA4E8CA-2050-40E0-B228-A911DB23FA94} = {E4D9E09B-AFF5-44FC-9175-E3C8B2086DBB}
		{9B84295B-A026-41B4-A76C-CAA8E9B4AD39} = {FF62C9B8-B410-4F00-B09A-A14C720FBD80}
	EndGlobalSection
EndGlobal
